
Microsoft Visual Studio Solution File, Format Version 12.00
# Visual Studio Version 17
VisualStudioVersion = 17.7.34031.279
MinimumVisualStudioVersion = 10.0.40219.1
Project("{FAE04EC0-301F-11D3-BF4B-00C04F79EFBC}") = "WForms", "WForms.csproj", "{7C01D784-D289-4A4C-9C37-4262A90D7DBF}"
EndProject
Global
	GlobalSection(SolutionConfigurationPlatforms) = preSolution
		Debug|Any CPU = Debug|Any CPU
		Release|Any CPU = Release|Any CPU
	EndGlobalSection
	GlobalSection(ProjectConfigurationPlatforms) = postSolution
		{7C01D784-D289-4A4C-9C37-4262A90D7DBF}.Debug|Any CPU.ActiveCfg = Debug|Any CPU
		{7C01D784-D289-4A4C-9C37-4262A90D7DBF}.Debug|Any CPU.Build.0 = Debug|Any CPU
		{7C01D784-D289-4A4C-9C37-4262A90D7DBF}.Release|Any CPU.ActiveCfg = Release|Any CPU
		{7C01D784-D289-4A4C-9C37-4262A90D7DBF}.Release|Any CPU.Build.0 = Release|Any CPU
	EndGlobalSection
	GlobalSection(SolutionProperties) = preSolution
		HideSolutionNode = FALSE
	EndGlobalSection
	GlobalSection(ExtensibilityGlobals) = postSolution
		SolutionGuid = {46FE425B-845E-463D-BBDA-50AEF6118C3A}
	EndGlobalSection
EndGlobal
