
Microsoft Visual Studio Solution File, Format Version 12.00
# Visual Studio Version 17
VisualStudioVersion = 17.7.34031.279
MinimumVisualStudioVersion = 10.0.40219.1
Project("{9A19103F-16F7-4668-BE54-9A1E7A4F7556}") = "Demo1Basic", "Demo1Basic.csproj", "{BF3C8772-E2EC-4F8E-AD83-D133DECD376E}"
EndProject
Project("{9A19103F-16F7-4668-BE54-9A1E7A4F7556}") = "SimpleTools", "..\SimpleTools\SimpleTools.csproj", "{D975D302-7527-4A99-8471-C54F6B9BCD1D}"
EndProject
Project("{FAE04EC0-301F-11D3-BF4B-00C04F79EFBC}") = "SuperCalculator", "..\SuperCalculator\SuperCalculator.csproj", "{2790E2FF-D79E-46F6-8DB6-34EE8B4682CD}"
EndProject
Global
	GlobalSection(SolutionConfigurationPlatforms) = preSolution
		Debug|Any CPU = Debug|Any CPU
		Release|Any CPU = Release|Any CPU
	EndGlobalSection
	GlobalSection(ProjectConfigurationPlatforms) = postSolution
		{BF3C8772-E2EC-4F8E-AD83-D133DECD376E}.Debug|Any CPU.ActiveCfg = Debug|Any CPU
		{BF3C8772-E2EC-4F8E-AD83-D133DECD376E}.Debug|Any CPU.Build.0 = Debug|Any CPU
		{BF3C8772-E2EC-4F8E-AD83-D133DECD376E}.Release|Any CPU.ActiveCfg = Release|Any CPU
		{BF3C8772-E2EC-4F8E-AD83-D133DECD376E}.Release|Any CPU.Build.0 = Release|Any CPU
		{D975D302-7527-4A99-8471-C54F6B9BCD1D}.Debug|Any CPU.ActiveCfg = Debug|Any CPU
		{D975D302-7527-4A99-8471-C54F6B9BCD1D}.Debug|Any CPU.Build.0 = Debug|Any CPU
		{D975D302-7527-4A99-8471-C54F6B9BCD1D}.Release|Any CPU.ActiveCfg = Release|Any CPU
		{D975D302-7527-4A99-8471-C54F6B9BCD1D}.Release|Any CPU.Build.0 = Release|Any CPU
		{2790E2FF-D79E-46F6-8DB6-34EE8B4682CD}.Debug|Any CPU.ActiveCfg = Debug|Any CPU
		{2790E2FF-D79E-46F6-8DB6-34EE8B4682CD}.Debug|Any CPU.Build.0 = Debug|Any CPU
		{2790E2FF-D79E-46F6-8DB6-34EE8B4682CD}.Release|Any CPU.ActiveCfg = Release|Any CPU
		{2790E2FF-D79E-46F6-8DB6-34EE8B4682CD}.Release|Any CPU.Build.0 = Release|Any CPU
	EndGlobalSection
	GlobalSection(SolutionProperties) = preSolution
		HideSolutionNode = FALSE
	EndGlobalSection
	GlobalSection(ExtensibilityGlobals) = postSolution
		SolutionGuid = {529B7B14-48AF-4EB9-8391-0F6080F18120}
	EndGlobalSection
EndGlobal
