
Microsoft Visual Studio Solution File, Format Version 12.00
# Visual Studio Version 17
VisualStudioVersion = 17.7.34031.279
MinimumVisualStudioVersion = 10.0.40219.1
Project("{FAE04EC0-301F-11D3-BF4B-00C04F79EFBC}") = "Demo3Operator", "Demo3Operator.csproj", "{7B6B1BAC-4DD0-438B-A372-0DA4F7E68FF0}"
EndProject
Global
	GlobalSection(SolutionConfigurationPlatforms) = preSolution
		Debug|Any CPU = Debug|Any CPU
		Release|Any CPU = Release|Any CPU
	EndGlobalSection
	GlobalSection(ProjectConfigurationPlatforms) = postSolution
		{7B6B1BAC-4DD0-438B-A372-0DA4F7E68FF0}.Debug|Any CPU.ActiveCfg = Debug|Any CPU
		{7B6B1BAC-4DD0-438B-A372-0DA4F7E68FF0}.Debug|Any CPU.Build.0 = Debug|Any CPU
		{7B6B1BAC-4DD0-438B-A372-0DA4F7E68FF0}.Release|Any CPU.ActiveCfg = Release|Any CPU
		{7B6B1BAC-4DD0-438B-A372-0DA4F7E68FF0}.Release|Any CPU.Build.0 = Release|Any CPU
	EndGlobalSection
	GlobalSection(SolutionProperties) = preSolution
		HideSolutionNode = FALSE
	EndGlobalSection
	GlobalSection(ExtensibilityGlobals) = postSolution
		SolutionGuid = {A50A6767-D913-4167-97CE-607F26BF1847}
	EndGlobalSection
EndGlobal
